{
  "channels": {
    "git://github.com/nix-community/home-manager master": {
      "url": "https://github.com/nix-community/home-manager/archive/94780dd888881bf35165dfdd334a57ef6b14ead8.tar.gz",
      "store_hash": "xcq8sg36da32xax78cykgq68v9rvhhsm"
    },
    "github:NixOS/nixpkgs 1ffba9f": {
      "url": "https://github.com/NixOS/nixpkgs/archive/1ffba9f.tar.gz",
      "store_hash": "mqlgs9bixl3g7fmz81rq8gbfiq9mjmw3"
    }
  }
}
